
Microsoft Visual Studio Solution File, Format Version 10.00
# Visual Studio 2008
Project("{8BC9CEB8-8B4A-11D0-8D11-00A0C91BC942}") = "HTTPSWebClient", "HTTPSWebClient\HTTPSWebClient.vcproj", "{F383D991-19D3-44D1-A9F6-B671FE624F1E}"
	ProjectSection(ProjectDependencies) = postProject
		{B3804C29-C688-47B1-9D42-4954F19607C3} = {B3804C29-C688-47B1-9D42-4954F19607C3}
		{C3390EDD-0989-4FBB-98BF-9291BD219E3F} = {C3390EDD-0989-4FBB-98BF-9291BD219E3F}
	EndProjectSection
EndProject
Project("{8BC9CEB8-8B4A-11D0-8D11-00A0C91BC942}") = "jpeglib", "jpeglib\jpeglib.vcproj", "{C3390EDD-0989-4FBB-98BF-9291BD219E3F}"
EndProject
Project("{8BC9CEB8-8B4A-11D0-8D11-00A0C91BC942}") = "pic_trans", "pic_trans\pic_trans.vcproj", "{F8F386A8-6BB1-4825-A0BE-8755D62E6C71}"
EndProject
Project("{8BC9CEB8-8B4A-11D0-8D11-00A0C91BC942}") = "zlib", "zlib\zlib.vcproj", "{2483B91A-628D-4130-9046-1FA3D27E866D}"
EndProject
Project("{8BC9CEB8-8B4A-11D0-8D11-00A0C91BC942}") = "pnglib", "pnglib\pnglib.vcproj", "{B3804C29-C688-47B1-9D42-4954F19607C3}"
EndProject
Global
	GlobalSection(SolutionConfigurationPlatforms) = preSolution
		Debug_CDN|Win32 = Debug_CDN|Win32
		Debug|Win32 = Debug|Win32
		Release|Win32 = Release|Win32
	EndGlobalSection
	GlobalSection(ProjectConfigurationPlatforms) = postSolution
		{F383D991-19D3-44D1-A9F6-B671FE624F1E}.Debug_CDN|Win32.ActiveCfg = CDN_SWITCH_debug|Win32
		{F383D991-19D3-44D1-A9F6-B671FE624F1E}.Debug_CDN|Win32.Build.0 = CDN_SWITCH_debug|Win32
		{F383D991-19D3-44D1-A9F6-B671FE624F1E}.Debug|Win32.ActiveCfg = Debug|Win32
		{F383D991-19D3-44D1-A9F6-B671FE624F1E}.Debug|Win32.Build.0 = Debug|Win32
		{F383D991-19D3-44D1-A9F6-B671FE624F1E}.Release|Win32.ActiveCfg = Release|Win32
		{F383D991-19D3-44D1-A9F6-B671FE624F1E}.Release|Win32.Build.0 = Release|Win32
		{C3390EDD-0989-4FBB-98BF-9291BD219E3F}.Debug_CDN|Win32.ActiveCfg = CDN_SWITCH_debug|Win32
		{C3390EDD-0989-4FBB-98BF-9291BD219E3F}.Debug_CDN|Win32.Build.0 = CDN_SWITCH_debug|Win32
		{C3390EDD-0989-4FBB-98BF-9291BD219E3F}.Debug|Win32.ActiveCfg = Debug|Win32
		{C3390EDD-0989-4FBB-98BF-9291BD219E3F}.Debug|Win32.Build.0 = Debug|Win32
		{C3390EDD-0989-4FBB-98BF-9291BD219E3F}.Release|Win32.ActiveCfg = Release|Win32
		{C3390EDD-0989-4FBB-98BF-9291BD219E3F}.Release|Win32.Build.0 = Release|Win32
		{F8F386A8-6BB1-4825-A0BE-8755D62E6C71}.Debug_CDN|Win32.ActiveCfg = CDN_SWITCH_debug|Win32
		{F8F386A8-6BB1-4825-A0BE-8755D62E6C71}.Debug_CDN|Win32.Build.0 = CDN_SWITCH_debug|Win32
		{F8F386A8-6BB1-4825-A0BE-8755D62E6C71}.Debug|Win32.ActiveCfg = Debug|Win32
		{F8F386A8-6BB1-4825-A0BE-8755D62E6C71}.Debug|Win32.Build.0 = Debug|Win32
		{F8F386A8-6BB1-4825-A0BE-8755D62E6C71}.Release|Win32.ActiveCfg = Release|Win32
		{F8F386A8-6BB1-4825-A0BE-8755D62E6C71}.Release|Win32.Build.0 = Release|Win32
		{2483B91A-628D-4130-9046-1FA3D27E866D}.Debug_CDN|Win32.ActiveCfg = CDN_SWITCH_debug|Win32
		{2483B91A-628D-4130-9046-1FA3D27E866D}.Debug_CDN|Win32.Build.0 = CDN_SWITCH_debug|Win32
		{2483B91A-628D-4130-9046-1FA3D27E866D}.Debug|Win32.ActiveCfg = Debug|Win32
		{2483B91A-628D-4130-9046-1FA3D27E866D}.Debug|Win32.Build.0 = Debug|Win32
		{2483B91A-628D-4130-9046-1FA3D27E866D}.Release|Win32.ActiveCfg = Release|Win32
		{2483B91A-628D-4130-9046-1FA3D27E866D}.Release|Win32.Build.0 = Release|Win32
		{B3804C29-C688-47B1-9D42-4954F19607C3}.Debug_CDN|Win32.ActiveCfg = CDN_SWITCH_debug|Win32
		{B3804C29-C688-47B1-9D42-4954F19607C3}.Debug_CDN|Win32.Build.0 = CDN_SWITCH_debug|Win32
		{B3804C29-C688-47B1-9D42-4954F19607C3}.Debug|Win32.ActiveCfg = Debug|Win32
		{B3804C29-C688-47B1-9D42-4954F19607C3}.Debug|Win32.Build.0 = Debug|Win32
		{B3804C29-C688-47B1-9D42-4954F19607C3}.Release|Win32.ActiveCfg = Release|Win32
		{B3804C29-C688-47B1-9D42-4954F19607C3}.Release|Win32.Build.0 = Release|Win32
	EndGlobalSection
	GlobalSection(SolutionProperties) = preSolution
		HideSolutionNode = FALSE
	EndGlobalSection
EndGlobal
